
Microsoft Visual Studio Solution File, Format Version 12.00
# Visual Studio Version 16
VisualStudioVersion = 16.0.29519.87
MinimumVisualStudioVersion = 10.0.40219.1
Project("{FAE04EC0-301F-11D3-BF4B-00C04F79EFBC}") = "CMP304FaceAI", "CMP304FaceAI.csproj", "{CFD83378-E28C-496B-8406-764B2A5CCCC4}"
EndProject
Global
	GlobalSection(SolutionConfigurationPlatforms) = preSolution
		Debug|Any CPU = Debug|Any CPU
		Debug|x64 = Debug|x64
		Release|Any CPU = Release|Any CPU
		Release|x64 = Release|x64
	EndGlobalSection
	GlobalSection(ProjectConfigurationPlatforms) = postSolution
		{CFD83378-E28C-496B-8406-764B2A5CCCC4}.Debug|Any CPU.ActiveCfg = Debug|Any CPU
		{CFD83378-E28C-496B-8406-764B2A5CCCC4}.Debug|Any CPU.Build.0 = Debug|Any CPU
		{CFD83378-E28C-496B-8406-764B2A5CCCC4}.Debug|x64.ActiveCfg = Debug|x64
		{CFD83378-E28C-496B-8406-764B2A5CCCC4}.Debug|x64.Build.0 = Debug|x64
		{CFD83378-E28C-496B-8406-764B2A5CCCC4}.Release|Any CPU.ActiveCfg = Release|Any CPU
		{CFD83378-E28C-496B-8406-764B2A5CCCC4}.Release|Any CPU.Build.0 = Release|Any CPU
		{CFD83378-E28C-496B-8406-764B2A5CCCC4}.Release|x64.ActiveCfg = Release|x64
		{CFD83378-E28C-496B-8406-764B2A5CCCC4}.Release|x64.Build.0 = Release|x64
	EndGlobalSection
	GlobalSection(SolutionProperties) = preSolution
		HideSolutionNode = FALSE
	EndGlobalSection
	GlobalSection(ExtensibilityGlobals) = postSolution
		SolutionGuid = {A04814C3-50F8-42A3-83B1-A2BB781803BC}
	EndGlobalSection
EndGlobal
